
Microsoft Visual Studio Solution File, Format Version 12.00
# Visual Studio Version 17
VisualStudioVersion = 17.13.35828.75 d17.13
MinimumVisualStudioVersion = 10.0.40219.1
Project("{FAE04EC0-301F-11D3-BF4B-00C04F79EFBC}") = "RedSocial", "RedSocial\RedSocial.csproj", "{22A57ED0-1D04-4524-A741-7BB7FC0C1EFA}"
EndProject
Global
	GlobalSection(SolutionConfigurationPlatforms) = preSolution
		Debug|Any CPU = Debug|Any CPU
		Release|Any CPU = Release|Any CPU
	EndGlobalSection
	GlobalSection(ProjectConfigurationPlatforms) = postSolution
		{22A57ED0-1D04-4524-A741-7BB7FC0C1EFA}.Debug|Any CPU.ActiveCfg = Debug|Any CPU
		{22A57ED0-1D04-4524-A741-7BB7FC0C1EFA}.Debug|Any CPU.Build.0 = Debug|Any CPU
		{22A57ED0-1D04-4524-A741-7BB7FC0C1EFA}.Release|Any CPU.ActiveCfg = Release|Any CPU
		{22A57ED0-1D04-4524-A741-7BB7FC0C1EFA}.Release|Any CPU.Build.0 = Release|Any CPU
	EndGlobalSection
	GlobalSection(SolutionProperties) = preSolution
		HideSolutionNode = FALSE
	EndGlobalSection
	GlobalSection(ExtensibilityGlobals) = postSolution
		SolutionGuid = {E4CF7899-BC79-49B9-9E4D-D8CC37047E70}
	EndGlobalSection
EndGlobal
